// !$*UTF8*$!
{
	archiveVersion = 1;
	classes = {
	};
	objectVersion = 50;
	objects = {

/* Begin PBXBuildFile section */
		230F26FF23CC4A6900A13FEC /* AppDelegate.m in Sources */ = {isa = PBXBuildFile; fileRef = 230F26FE23CC4A6900A13FEC /* AppDelegate.m */; };
		230F270223CC4A6900A13FEC /* SceneDelegate.m in Sources */ = {isa = PBXBuildFile; fileRef = 230F270123CC4A6900A13FEC /* SceneDelegate.m */; };
		230F270523CC4A6900A13FEC /* ViewController.m in Sources */ = {isa = PBXBuildFile; fileRef = 230F270423CC4A6900A13FEC /* ViewController.m */; };
		230F270823CC4A6900A13FEC /* Main.storyboard in Resources */ = {isa = PBXBuildFile; fileRef = 230F270623CC4A6900A13FEC /* Main.storyboard */; };
		230F270A23CC4A6D00A13FEC /* Assets.xcassets in Resources */ = {isa = PBXBuildFile; fileRef = 230F270923CC4A6D00A13FEC /* Assets.xcassets */; };
		230F270D23CC4A6D00A13FEC /* LaunchScreen.storyboard in Resources */ = {isa = PBXBuildFile; fileRef = 230F270B23CC4A6D00A13FEC /* LaunchScreen.storyboard */; };
		230F271023CC4A6D00A13FEC /* main.m in Sources */ = {isa = PBXBuildFile; fileRef = 230F270F23CC4A6D00A13FEC /* main.m */; };
/* End PBXBuildFile section */

/* Begin PBXFileReference section */
		230F26FA23CC4A6900A13FEC /* CameraDemo.app */ = {isa = PBXFileReference; explicitFileType = wrapper.application; includeInIndex = 0; path = CameraDemo.app; sourceTree = BUILT_PRODUCTS_DIR; };
		230F26FD23CC4A6900A13FEC /* AppDelegate.h */ = {isa = PBXFileReference; lastKnownFileType = sourcecode.c.h; path = AppDelegate.h; sourceTree = "<group>"; };
		230F26FE23CC4A6900A13FEC /* AppDelegate.m */ = {isa = PBXFileReference; lastKnownFileType = sourcecode.c.objc; path = AppDelegate.m; sourceTree = "<group>"; };
		230F270023CC4A6900A13FEC /* SceneDelegate.h */ = {isa = PBXFileReference; lastKnownFileType = sourcecode.c.h; path = SceneDelegate.h; sourceTree = "<group>"; };
		230F270123CC4A6900A13FEC /* SceneDelegate.m */ = {isa = PBXFileReference; lastKnownFileType = sourcecode.c.objc; path = SceneDelegate.m; sourceTree = "<group>"; };
		230F270323CC4A6900A13FEC /* ViewController.h */ = {isa = PBXFileReference; lastKnownFileType = sourcecode.c.h; path = ViewController.h; sourceTree = "<group>"; };
		230F270423CC4A6900A13FEC /* ViewController.m */ = {isa = PBXFileReference; lastKnownFileType = sourcecode.c.objc; path = ViewController.m; sourceTree = "<group>"; };
		230F270723CC4A6900A13FEC /* Base */ = {isa = PBXFileReference; lastKnownFileType = file.storyboard; name = Base; path = Base.lproj/Main.storyboard; sourceTree = "<group>"; };
		230F270923CC4A6D00A13FEC /* Assets.xcassets */ = {isa = PBXFileReference; lastKnownFileType = folder.assetcatalog; path = Assets.xcassets; sourceTree = "<group>"; };
		230F270C23CC4A6D00A13FEC /* Base */ = {isa = PBXFileReference; lastKnownFileType = file.storyboard; name = Base; path = Base.lproj/LaunchScreen.storyboard; sourceTree = "<group>"; };
		230F270E23CC4A6D00A13FEC /* Info.plist */ = {isa = PBXFileReference; lastKnownFileType = text.plist.xml; path = Info.plist; sourceTree = "<group>"; };
		230F270F23CC4A6D00A13FEC /* main.m */ = {isa = PBXFileReference; lastKnownFileType = sourcecode.c.objc; path = main.m; sourceTree = "<group>"; };
/* End PBXFileReference section */

/* Begin PBXFrameworksBuildPhase section */
		230F26F723CC4A6900A13FEC /* Frameworks */ = {
			isa = PBXFrameworksBuildPhase;
			buildActionMask = 2147483647;
			files = (
			);
			runOnlyForDeploymentPostprocessing = 0;
		};
/* End PBXFrameworksBuildPhase section */

/* Begin PBXGroup section */
		230F26F123CC4A6900A13FEC = {
			isa = PBXGroup;
			children = (
				230F26FC23CC4A6900A13FEC /* CameraDemo */,
				230F26FB23CC4A6900A13FEC /* Products */,
			);
			sourceTree = "<group>";
		};
		230F26FB23CC4A6900A13FEC /* Products */ = {
			isa = PBXGroup;
			children = (
				230F26FA23CC4A6900A13FEC /* CameraDemo.app */,
			);
			name = Products;
			sourceTree = "<group>";
		};
		230F26FC23CC4A6900A13FEC /* CameraDemo */ = {
			isa = PBXGroup;
			children = (
				230F26FD23CC4A6900A13FEC /* AppDelegate.h */,
				230F26FE23CC4A6900A13FEC /* AppDelegate.m */,
				230F270023CC4A6900A13FEC /* SceneDelegate.h */,
				230F270123CC4A6900A13FEC /* SceneDelegate.m */,
				230F270323CC4A6900A13FEC /* ViewController.h */,
				230F270423CC4A6900A13FEC /* ViewController.m */,
				230F270623CC4A6900A13FEC /* Main.storyboard */,
				230F270923CC4A6D00A13FEC /* Assets.xcassets */,
				230F270B23CC4A6D00A13FEC /* LaunchScreen.storyboard */,
				230F270E23CC4A6D00A13FEC /* Info.plist */,
				230F270F23CC4A6D00A13FEC /* main.m */,
			);
			path = CameraDemo;
			sourceTree = "<group>";
		};
/* End PBXGroup section */

/* Begin PBXNativeTarget section */
		230F26F923CC4A6900A13FEC /* CameraDemo */ = {
			isa = PBXNativeTarget;
			buildConfigurationList = 230F271323CC4A6D00A13FEC /* Build configuration list for PBXNativeTarget "CameraDemo" */;
			buildPhases = (
				230F26F623CC4A6900A13FEC /* Sources */,
				230F26F723CC4A6900A13FEC /* Frameworks */,
				230F26F823CC4A6900A13FEC /* Resources */,
			);
			buildRules = (
			);
			dependencies = (
			);
			name = CameraDemo;
			productName = CameraDemo;
			productReference = 230F26FA23CC4A6900A13FEC /* CameraDemo.app */;
			productType = "com.apple.product-type.application";
		};
/* End PBXNativeTarget section */

/* Begin PBXProject section */
		230F26F223CC4A6900A13FEC /* Project object */ = {
			isa = PBXProject;
			attributes = {
				LastUpgradeCheck = 1120;
				ORGANIZATIONNAME = shuhuan;
				TargetAttributes = {
					230F26F923CC4A6900A13FEC = {
						CreatedOnToolsVersion = 11.2.1;
					};
				};
			};
			buildConfigurationList = 230F26F523CC4A6900A13FEC /* Build configuration list for PBXProject "CameraDemo" */;
			compatibilityVersion = "Xcode 9.3";
			developmentRegion = en;
			hasScannedForEncodings = 0;
			knownRegions = (
				en,
				Base,
			);
			mainGroup = 230F26F123CC4A6900A13FEC;
			productRefGroup = 230F26FB23CC4A6900A13FEC /* Products */;
			projectDirPath = "";
			projectRoot = "";
			targets = (
				230F26F923CC4A6900A13FEC /* CameraDemo */,
			);
		};
/* End PBXProject section */

/* Begin PBXResourcesBuildPhase section */
		230F26F823CC4A6900A13FEC /* Resources */ = {
			isa = PBXResourcesBuildPhase;
			buildActionMask = 2147483647;
			files = (
				230F270D23CC4A6D00A13FEC /* LaunchScreen.storyboard in Resources */,
				230F270A23CC4A6D00A13FEC /* Assets.xcassets in Resources */,
				230F270823CC4A6900A13FEC /* Main.storyboard in Resources */,
			);
			runOnlyForDeploymentPostprocessing = 0;
		};
/* End PBXResourcesBuildPhase section */

/* Begin PBXSourcesBuildPhase section */
		230F26F623CC4A6900A13FEC /* Sources */ = {
			isa = PBXSourcesBuildPhase;
			buildActionMask = 2147483647;
			files = (
				230F270523CC4A6900A13FEC /* ViewController.m in Sources */,
				230F26FF23CC4A6900A13FEC /* AppDelegate.m in Sources */,
				230F271023CC4A6D00A13FEC /* main.m in Sources */,
				230F270223CC4A6900A13FEC /* SceneDelegate.m in Sources */,
			);
			runOnlyForDeploymentPostprocessing = 0;
		};
/* End PBXSourcesBuildPhase section */

/* Begin PBXVariantGroup section */
		230F270623CC4A6900A13FEC /* Main.storyboard */ = {
			isa = PBXVariantGroup;
			children = (
				230F270723CC4A6900A13FEC /* Base */,
			);
			name = Main.storyboard;
			sourceTree = "<group>";
		};
		230F270B23CC4A6D00A13FEC /* LaunchScreen.storyboard */ = {
			isa = PBXVariantGroup;
			children = (
				230F270C23CC4A6D00A13FEC /* Base */,
			);
			name = LaunchScreen.storyboard;
			sourceTree = "<group>";
		};
/* End PBXVariantGroup section */

/* Begin XCBuildConfiguration section */
		230F271123CC4A6D00A13FEC /* Debug */ = {
			isa = XCBuildConfiguration;
			buildSettings = {
				ALWAYS_SEARCH_USER_PATHS = NO;
				CLANG_ANALYZER_NONNULL = YES;
				CLANG_ANALYZER_NUMBER_OBJECT_CONVERSION = YES_AGGRESSIVE;
				CLANG_CXX_LANGUAGE_STANDARD = "gnu++14";
				CLANG_CXX_LIBRARY = "libc++";
				CLANG_ENABLE_MODULES = YES;
				CLANG_ENABLE_OBJC_ARC = YES;
				CLANG_ENABLE_OBJC_WEAK = YES;
				CLANG_WARN_BLOCK_CAPTURE_AUTORELEASING = YES;
				CLANG_WARN_BOOL_CONVERSION = YES;
				CLANG_WARN_COMMA = YES;
				CLANG_WARN_CONSTANT_CONVERSION = YES;
				CLANG_WARN_DEPRECATED_OBJC_IMPLEMENTATIONS = YES;
				CLANG_WARN_DIRECT_OBJC_ISA_USAGE = YES_ERROR;
				CLANG_WARN_DOCUMENTATION_COMMENTS = YES;
				CLANG_WARN_EMPTY_BODY = YES;
				CLANG_WARN_ENUM_CONVERSION = YES;
				CLANG_WARN_INFINITE_RECURSION = YES;
				CLANG_WARN_INT_CONVERSION = YES;
				CLANG_WARN_NON_LITERAL_NULL_CONVERSION = YES;
				CLANG_WARN_OBJC_IMPLICIT_RETAIN_SELF = YES;
				CLANG_WARN_OBJC_LITERAL_CONVERSION = YES;
				CLANG_WARN_OBJC_ROOT_CLASS = YES_ERROR;
				CLANG_WARN_RANGE_LOOP_ANALYSIS = YES;
				CLANG_WARN_STRICT_PROTOTYPES = YES;
				CLANG_WARN_SUSPICIOUS_MOVE = YES;
				CLANG_WARN_UNGUARDED_AVAILABILITY = YES_AGGRESSIVE;
				CLANG_WARN_UNREACHABLE_CODE = YES;
				CLANG_WARN__DUPLICATE_METHOD_MATCH = YES;
				COPY_PHASE_STRIP = NO;
				DEBUG_INFORMATION_FORMAT = dwarf;
				ENABLE_STRICT_OBJC_MSGSEND = YES;
				ENABLE_TESTABILITY = YES;
				GCC_C_LANGUAGE_STANDARD = gnu11;
				GCC_DYNAMIC_NO_PIC = NO;
				GCC_NO_COMMON_BLOCKS = YES;
				GCC_OPTIMIZATION_LEVEL = 0;
				GCC_PREPROCESSOR_DEFINITIONS = (
					"DEBUG=1",
					"$(inherited)",
				);
				GCC_WARN_64_TO_32_BIT_CONVERSION = YES;
				GCC_WARN_ABOUT_RETURN_TYPE = YES_ERROR;
				GCC_WARN_UNDECLARED_SELECTOR = YES;
				GCC_WARN_UNINITIALIZED_AUTOS = YES_AGGRESSIVE;
				GCC_WARN_UNUSED_FUNCTION = YES;
				GCC_WARN_UNUSED_VARIABLE = YES;
				IPHONEOS_DEPLOYMENT_TARGET = 13.2;
				MTL_ENABLE_DEBUG_INFO = INCLUDE_SOURCE;
				MTL_FAST_MATH = YES;
				ONLY_ACTIVE_ARCH = YES;
				SDKROOT = iphoneos;
			};
			name = Debug;
		};
		230F271223CC4A6D00A13FEC /* Release */ = {
			isa = XCBuildConfiguration;
			buildSettings = {
				ALWAYS_SEARCH_USER_PATHS = NO;
				CLANG_ANALYZER_NONNULL = YES;
				CLANG_ANALYZER_NUMBER_OBJECT_CONVERSION = YES_AGGRESSIVE;
				CLANG_CXX_LANGUAGE_STANDARD = "gnu++14";
				CLANG_CXX_LIBRARY = "libc++";
				CLANG_ENABLE_MODULES = YES;
				CLANG_ENABLE_OBJC_ARC = YES;
				CLANG_ENABLE_OBJC_WEAK = YES;
				CLANG_WARN_BLOCK_CAPTURE_AUTORELEASING = YES;
				CLANG_WARN_BOOL_CONVERSION = YES;
				CLANG_WARN_COMMA = YES;
				CLANG_WARN_CONSTANT_CONVERSION = YES;
				CLANG_WARN_DEPRECATED_OBJC_IMPLEMENTATIONS = YES;
				CLANG_WARN_DIRECT_OBJC_ISA_USAGE = YES_ERROR;
				CLANG_WARN_DOCUMENTATION_COMMENTS = YES;
				CLANG_WARN_EMPTY_BODY = YES;
				CLANG_WARN_ENUM_CONVERSION = YES;
				CLANG_WARN_INFINITE_RECURSION = YES;
				CLANG_WARN_INT_CONVERSION = YES;
				CLANG_WARN_NON_LITERAL_NULL_CONVERSION = YES;
				CLANG_WARN_OBJC_IMPLICIT_RETAIN_SELF = YES;
				CLANG_WARN_OBJC_LITERAL_CONVERSION = YES;
				CLANG_WARN_OBJC_ROOT_CLASS = YES_ERROR;
				CLANG_WARN_RANGE_LOOP_ANALYSIS = YES;
				CLANG_WARN_STRICT_PROTOTYPES = YES;
				CLANG_WARN_SUSPICIOUS_MOVE = YES;
				CLANG_WARN_UNGUARDED_AVAILABILITY = YES_AGGRESSIVE;
				CLANG_WARN_UNREACHABLE_CODE = YES;
				CLANG_WARN__DUPLICATE_METHOD_MATCH = YES;
				COPY_PHASE_STRIP = NO;
				DEBUG_INFORMATION_FORMAT = "dwarf-with-dsym";
				ENABLE_NS_ASSERTIONS = NO;
				ENABLE_STRICT_OBJC_MSGSEND = YES;
				GCC_C_LANGUAGE_STANDARD = gnu11;
				GCC_NO_COMMON_BLOCKS = YES;
				GCC_WARN_64_TO_32_BIT_CONVERSION = YES;
				GCC_WARN_ABOUT_RETURN_TYPE = YES_ERROR;
				GCC_WARN_UNDECLARED_SELECTOR = YES;
				GCC_WARN_UNINITIALIZED_AUTOS = YES_AGGRESSIVE;
				GCC_WARN_UNUSED_FUNCTION = YES;
				GCC_WARN_UNUSED_VARIABLE = YES;
				IPHONEOS_DEPLOYMENT_TARGET = 13.2;
				MTL_ENABLE_DEBUG_INFO = NO;
				MTL_FAST_MATH = YES;
				SDKROOT = iphoneos;
				VALIDATE_PRODUCT = YES;
			};
			name = Release;
		};
		230F271423CC4A6D00A13FEC /* Debug */ = {
			isa = XCBuildConfiguration;
			buildSettings = {
				ASSETCATALOG_COMPILER_APPICON_NAME = AppIcon;
				CODE_SIGN_STYLE = Automatic;
				DEVELOPMENT_TEAM = 9WY6NDZL64;
				INFOPLIST_FILE = CameraDemo/Info.plist;
				LD_RUNPATH_SEARCH_PATHS = (
					"$(inherited)",
					"@executable_path/Frameworks",
				);
				PRODUCT_BUNDLE_IDENTIFIER = TouchTech.CameraDemo;
				PRODUCT_NAME = "$(TARGET_NAME)";
				TARGETED_DEVICE_FAMILY = "1,2";
			};
			name = Debug;
		};
		230F271523CC4A6D00A13FEC /* Release */ = {
			isa = XCBuildConfiguration;
			buildSettings = {
				ASSETCATALOG_COMPILER_APPICON_NAME = AppIcon;
				CODE_SIGN_STYLE = Automatic;
				DEVELOPMENT_TEAM = 9WY6NDZL64;
				INFOPLIST_FILE = CameraDemo/Info.plist;
				LD_RUNPATH_SEARCH_PATHS = (
					"$(inherited)",
					"@executable_path/Frameworks",
				);
				PRODUCT_BUNDLE_IDENTIFIER = TouchTech.CameraDemo;
				PRODUCT_NAME = "$(TARGET_NAME)";
				TARGETED_DEVICE_FAMILY = "1,2";
			};
			name = Release;
		};
/* End XCBuildConfiguration section */

/* Begin XCConfigurationList section */
		230F26F523CC4A6900A13FEC /* Build configuration list for PBXProject "CameraDemo" */ = {
			isa = XCConfigurationList;
			buildConfigurations = (
				230F271123CC4A6D00A13FEC /* Debug */,
				230F271223CC4A6D00A13FEC /* Release */,
			);
			defaultConfigurationIsVisible = 0;
			defaultConfigurationName = Release;
		};
		230F271323CC4A6D00A13FEC /* Build configuration list for PBXNativeTarget "CameraDemo" */ = {
			isa = XCConfigurationList;
			buildConfigurations = (
				230F271423CC4A6D00A13FEC /* Debug */,
				230F271523CC4A6D00A13FEC /* Release */,
			);
			defaultConfigurationIsVisible = 0;
			defaultConfigurationName = Release;
		};
/* End XCConfigurationList section */
	};
	rootObject = 230F26F223CC4A6900A13FEC /* Project object */;
}
